
Microsoft Visual Studio Solution File, Format Version 12.00
# Visual Studio 15
VisualStudioVersion = 15.0.27703.2035
MinimumVisualStudioVersion = 10.0.40219.1
Project("{FAE04EC0-301F-11D3-BF4B-00C04F79EFBC}") = "ConsoleApp2", "ConsoleApp2\ConsoleApp2.csproj", "{E6376829-2ECB-4A86-A904-4940545E9B96}"
EndProject
Project("{FAE04EC0-301F-11D3-BF4B-00C04F79EFBC}") = "Tracer", "Tracer\Tracer.csproj", "{F4282359-F423-4679-BC5B-F0E59B59D4E9}"
EndProject
Project("{FAE04EC0-301F-11D3-BF4B-00C04F79EFBC}") = "ConsoleApp2.Tests", "ConsoleApp2.Tests\ConsoleApp2.Tests.csproj", "{E0ACE810-8593-47BF-B025-E0F9CEC73606}"
EndProject
Global
	GlobalSection(SolutionConfigurationPlatforms) = preSolution
		Debug|Any CPU = Debug|Any CPU
		Release|Any CPU = Release|Any CPU
	EndGlobalSection
	GlobalSection(ProjectConfigurationPlatforms) = postSolution
		{E6376829-2ECB-4A86-A904-4940545E9B96}.Debug|Any CPU.ActiveCfg = Debug|Any CPU
		{E6376829-2ECB-4A86-A904-4940545E9B96}.Debug|Any CPU.Build.0 = Debug|Any CPU
		{E6376829-2ECB-4A86-A904-4940545E9B96}.Release|Any CPU.ActiveCfg = Release|Any CPU
		{E6376829-2ECB-4A86-A904-4940545E9B96}.Release|Any CPU.Build.0 = Release|Any CPU
		{F4282359-F423-4679-BC5B-F0E59B59D4E9}.Debug|Any CPU.ActiveCfg = Debug|Any CPU
		{F4282359-F423-4679-BC5B-F0E59B59D4E9}.Debug|Any CPU.Build.0 = Debug|Any CPU
		{F4282359-F423-4679-BC5B-F0E59B59D4E9}.Release|Any CPU.ActiveCfg = Release|Any CPU
		{F4282359-F423-4679-BC5B-F0E59B59D4E9}.Release|Any CPU.Build.0 = Release|Any CPU
		{E0ACE810-8593-47BF-B025-E0F9CEC73606}.Debug|Any CPU.ActiveCfg = Debug|Any CPU
		{E0ACE810-8593-47BF-B025-E0F9CEC73606}.Debug|Any CPU.Build.0 = Debug|Any CPU
		{E0ACE810-8593-47BF-B025-E0F9CEC73606}.Release|Any CPU.ActiveCfg = Release|Any CPU
		{E0ACE810-8593-47BF-B025-E0F9CEC73606}.Release|Any CPU.Build.0 = Release|Any CPU
	EndGlobalSection
	GlobalSection(SolutionProperties) = preSolution
		HideSolutionNode = FALSE
	EndGlobalSection
	GlobalSection(ExtensibilityGlobals) = postSolution
		SolutionGuid = {63CDB7AC-7A9F-4352-B87D-A39AF05C068D}
	EndGlobalSection
EndGlobal
